{
    "_readme": [
        "This file locks the dependencies of your project to a known state",
        "Read more about it at https://getcomposer.org/doc/01-basic-usage.md#installing-dependencies",
        "This file is @generated automatically"
    ],
    "content-hash": "430833c5dfe76f867249dcaff8719516",
    "packages": [
        {
            "name": "sonata-project/google-authenticator",
            "version": "2.3.0",
            "source": {
                "type": "git",
                "url": "https://github.com/sonata-project/GoogleAuthenticator.git",
                "reference": "bb30e7cdfab4bd8a5b1d35c78e024e81060ecd99"
            },
            "dist": {
                "type": "zip",
                "url": "https://api.github.com/repos/sonata-project/GoogleAuthenticator/zipball/bb30e7cdfab4bd8a5b1d35c78e024e81060ecd99",
                "reference": "bb30e7cdfab4bd8a5b1d35c78e024e81060ecd99",
                "shasum": ""
            },
            "require": {
                "php": ">=7.3"
            },
            "require-dev": {
                "symfony/phpunit-bridge": "^5.1.8"
            },
            "type": "library",
            "extra": {
                "branch-alias": {
                    "dev-master": "2.x-dev"
                }
            },
            "autoload": {
                "psr-4": {
                    "Google\\Authenticator\\": "src/",
                    "Sonata\\GoogleAuthenticator\\": "src/"
                }
            },
            "notification-url": "https://packagist.org/downloads/",
            "license": [
                "MIT"
            ],
            "authors": [
                {
                    "name": "Thomas Rabaix",
                    "email": "thomas.rabaix@gmail.com"
                },
                {
                    "name": "Christian Stocker",
                    "email": "me@chregu.tv"
                },
                {
                    "name": "Andre DeMarre",
                    "homepage": "http://www.devnetwork.net/viewtopic.php?f=50&t=94989"
                }
            ],
            "description": "Library to integrate Google Authenticator into a PHP project",
            "homepage": "https://github.com/sonata-project/GoogleAuthenticator",
            "keywords": [
                "google authenticator"
            ],
            "funding": [
                {
                    "url": "https://github.com/OskarStark",
                    "type": "github"
                },
                {
                    "url": "https://github.com/VincentLanglet",
                    "type": "github"
                },
                {
                    "url": "https://github.com/core23",
                    "type": "github"
                },
                {
                    "url": "https://github.com/wbloszyk",
                    "type": "github"
                }
            ],
            "time": "2020-12-16T09:50:15+00:00"
        }
    ],
    "packages-dev": [],
    "aliases": [],
    "minimum-stability": "stable",
    "stability-flags": [],
    "prefer-stable": false,
    "prefer-lowest": false,
    "platform": [],
    "platform-dev": [],
    "plugin-api-version": "1.1.0"
}
